// !$*UTF8*$!
{
	archiveVersion = 1;
	classes = {
	};
	objectVersion = 46;
	objects = {

/* Begin PBXBuildFile section */
		742A0F231A5BA69C00B6A260 /* main.m in Sources */ = {isa = PBXBuildFile; fileRef = 742A0F221A5BA69C00B6A260 /* main.m */; };
		742A0F261A5BA69C00B6A260 /* AppDelegate.m in Sources */ = {isa = PBXBuildFile; fileRef = 742A0F251A5BA69C00B6A260 /* AppDelegate.m */; };
		742A0F291A5BA69C00B6A260 /* TestCoreData.xcdatamodeld in Sources */ = {isa = PBXBuildFile; fileRef = 742A0F271A5BA69C00B6A260 /* TestCoreData.xcdatamodeld */; };
		742A0F2C1A5BA69C00B6A260 /* ViewController.m in Sources */ = {isa = PBXBuildFile; fileRef = 742A0F2B1A5BA69C00B6A260 /* ViewController.m */; };
		742A0F2F1A5BA69C00B6A260 /* Main.storyboard in Resources */ = {isa = PBXBuildFile; fileRef = 742A0F2D1A5BA69C00B6A260 /* Main.storyboard */; };
		742A0F311A5BA69C00B6A260 /* Images.xcassets in Resources */ = {isa = PBXBuildFile; fileRef = 742A0F301A5BA69C00B6A260 /* Images.xcassets */; };
		742A0F341A5BA69C00B6A260 /* LaunchScreen.xib in Resources */ = {isa = PBXBuildFile; fileRef = 742A0F321A5BA69C00B6A260 /* LaunchScreen.xib */; };
		742A0F401A5BA69C00B6A260 /* TestCoreDataTests.m in Sources */ = {isa = PBXBuildFile; fileRef = 742A0F3F1A5BA69C00B6A260 /* TestCoreDataTests.m */; };
/* End PBXBuildFile section */

/* Begin PBXContainerItemProxy section */
		742A0F3A1A5BA69C00B6A260 /* PBXContainerItemProxy */ = {
			isa = PBXContainerItemProxy;
			containerPortal = 742A0F151A5BA69C00B6A260 /* Project object */;
			proxyType = 1;
			remoteGlobalIDString = 742A0F1C1A5BA69C00B6A260;
			remoteInfo = TestCoreData;
		};
/* End PBXContainerItemProxy section */

/* Begin PBXFileReference section */
		742A0F1D1A5BA69C00B6A260 /* TestCoreData.app */ = {isa = PBXFileReference; explicitFileType = wrapper.application; includeInIndex = 0; path = TestCoreData.app; sourceTree = BUILT_PRODUCTS_DIR; };
		742A0F211A5BA69C00B6A260 /* Info.plist */ = {isa = PBXFileReference; lastKnownFileType = text.plist.xml; path = Info.plist; sourceTree = "<group>"; };
		742A0F221A5BA69C00B6A260 /* main.m */ = {isa = PBXFileReference; lastKnownFileType = sourcecode.c.objc; path = main.m; sourceTree = "<group>"; };
		742A0F241A5BA69C00B6A260 /* AppDelegate.h */ = {isa = PBXFileReference; lastKnownFileType = sourcecode.c.h; path = AppDelegate.h; sourceTree = "<group>"; };
		742A0F251A5BA69C00B6A260 /* AppDelegate.m */ = {isa = PBXFileReference; lastKnownFileType = sourcecode.c.objc; path = AppDelegate.m; sourceTree = "<group>"; };
		742A0F281A5BA69C00B6A260 /* TestCoreData.xcdatamodel */ = {isa = PBXFileReference; lastKnownFileType = wrapper.xcdatamodel; path = TestCoreData.xcdatamodel; sourceTree = "<group>"; };
		742A0F2A1A5BA69C00B6A260 /* ViewController.h */ = {isa = PBXFileReference; lastKnownFileType = sourcecode.c.h; path = ViewController.h; sourceTree = "<group>"; };
		742A0F2B1A5BA69C00B6A260 /* ViewController.m */ = {isa = PBXFileReference; lastKnownFileType = sourcecode.c.objc; path = ViewController.m; sourceTree = "<group>"; };
		742A0F2E1A5BA69C00B6A260 /* Base */ = {isa = PBXFileReference; lastKnownFileType = file.storyboard; name = Base; path = Base.lproj/Main.storyboard; sourceTree = "<group>"; };
		742A0F301A5BA69C00B6A260 /* Images.xcassets */ = {isa = PBXFileReference; lastKnownFileType = folder.assetcatalog; path = Images.xcassets; sourceTree = "<group>"; };
		742A0F331A5BA69C00B6A260 /* Base */ = {isa = PBXFileReference; lastKnownFileType = file.xib; name = Base; path = Base.lproj/LaunchScreen.xib; sourceTree = "<group>"; };
		742A0F391A5BA69C00B6A260 /* TestCoreDataTests.xctest */ = {isa = PBXFileReference; explicitFileType = wrapper.cfbundle; includeInIndex = 0; path = TestCoreDataTests.xctest; sourceTree = BUILT_PRODUCTS_DIR; };
		742A0F3E1A5BA69C00B6A260 /* Info.plist */ = {isa = PBXFileReference; lastKnownFileType = text.plist.xml; path = Info.plist; sourceTree = "<group>"; };
		742A0F3F1A5BA69C00B6A260 /* TestCoreDataTests.m */ = {isa = PBXFileReference; lastKnownFileType = sourcecode.c.objc; path = TestCoreDataTests.m; sourceTree = "<group>"; };
/* End PBXFileReference section */

/* Begin PBXFrameworksBuildPhase section */
		742A0F1A1A5BA69C00B6A260 /* Frameworks */ = {
			isa = PBXFrameworksBuildPhase;
			buildActionMask = 2147483647;
			files = (
			);
			runOnlyForDeploymentPostprocessing = 0;
		};
		742A0F361A5BA69C00B6A260 /* Frameworks */ = {
			isa = PBXFrameworksBuildPhase;
			buildActionMask = 2147483647;
			files = (
			);
			runOnlyForDeploymentPostprocessing = 0;
		};
/* End PBXFrameworksBuildPhase section */

/* Begin PBXGroup section */
		742A0F141A5BA69C00B6A260 = {
			isa = PBXGroup;
			children = (
				742A0F1F1A5BA69C00B6A260 /* TestCoreData */,
				742A0F3C1A5BA69C00B6A260 /* TestCoreDataTests */,
				742A0F1E1A5BA69C00B6A260 /* Products */,
			);
			sourceTree = "<group>";
		};
		742A0F1E1A5BA69C00B6A260 /* Products */ = {
			isa = PBXGroup;
			children = (
				742A0F1D1A5BA69C00B6A260 /* TestCoreData.app */,
				742A0F391A5BA69C00B6A260 /* TestCoreDataTests.xctest */,
			);
			name = Products;
			sourceTree = "<group>";
		};
		742A0F1F1A5BA69C00B6A260 /* TestCoreData */ = {
			isa = PBXGroup;
			children = (
				742A0F241A5BA69C00B6A260 /* AppDelegate.h */,
				742A0F251A5BA69C00B6A260 /* AppDelegate.m */,
				742A0F2A1A5BA69C00B6A260 /* ViewController.h */,
				742A0F2B1A5BA69C00B6A260 /* ViewController.m */,
				742A0F2D1A5BA69C00B6A260 /* Main.storyboard */,
				742A0F301A5BA69C00B6A260 /* Images.xcassets */,
				742A0F321A5BA69C00B6A260 /* LaunchScreen.xib */,
				742A0F271A5BA69C00B6A260 /* TestCoreData.xcdatamodeld */,
				742A0F201A5BA69C00B6A260 /* Supporting Files */,
			);
			path = TestCoreData;
			sourceTree = "<group>";
		};
		742A0F201A5BA69C00B6A260 /* Supporting Files */ = {
			isa = PBXGroup;
			children = (
				742A0F211A5BA69C00B6A260 /* Info.plist */,
				742A0F221A5BA69C00B6A260 /* main.m */,
			);
			name = "Supporting Files";
			sourceTree = "<group>";
		};
		742A0F3C1A5BA69C00B6A260 /* TestCoreDataTests */ = {
			isa = PBXGroup;
			children = (
				742A0F3F1A5BA69C00B6A260 /* TestCoreDataTests.m */,
				742A0F3D1A5BA69C00B6A260 /* Supporting Files */,
			);
			path = TestCoreDataTests;
			sourceTree = "<group>";
		};
		742A0F3D1A5BA69C00B6A260 /* Supporting Files */ = {
			isa = PBXGroup;
			children = (
				742A0F3E1A5BA69C00B6A260 /* Info.plist */,
			);
			name = "Supporting Files";
			sourceTree = "<group>";
		};
/* End PBXGroup section */

/* Begin PBXNativeTarget section */
		742A0F1C1A5BA69C00B6A260 /* TestCoreData */ = {
			isa = PBXNativeTarget;
			buildConfigurationList = 742A0F431A5BA69C00B6A260 /* Build configuration list for PBXNativeTarget "TestCoreData" */;
			buildPhases = (
				742A0F191A5BA69C00B6A260 /* Sources */,
				742A0F1A1A5BA69C00B6A260 /* Frameworks */,
				742A0F1B1A5BA69C00B6A260 /* Resources */,
			);
			buildRules = (
			);
			dependencies = (
			);
			name = TestCoreData;
			productName = TestCoreData;
			productReference = 742A0F1D1A5BA69C00B6A260 /* TestCoreData.app */;
			productType = "com.apple.product-type.application";
		};
		742A0F381A5BA69C00B6A260 /* TestCoreDataTests */ = {
			isa = PBXNativeTarget;
			buildConfigurationList = 742A0F461A5BA69C00B6A260 /* Build configuration list for PBXNativeTarget "TestCoreDataTests" */;
			buildPhases = (
				742A0F351A5BA69C00B6A260 /* Sources */,
				742A0F361A5BA69C00B6A260 /* Frameworks */,
				742A0F371A5BA69C00B6A260 /* Resources */,
			);
			buildRules = (
			);
			dependencies = (
				742A0F3B1A5BA69C00B6A260 /* PBXTargetDependency */,
			);
			name = TestCoreDataTests;
			productName = TestCoreDataTests;
			productReference = 742A0F391A5BA69C00B6A260 /* TestCoreDataTests.xctest */;
			productType = "com.apple.product-type.bundle.unit-test";
		};
/* End PBXNativeTarget section */

/* Begin PBXProject section */
		742A0F151A5BA69C00B6A260 /* Project object */ = {
			isa = PBXProject;
			attributes = {
				LastUpgradeCheck = 0610;
				ORGANIZATIONNAME = jjx;
				TargetAttributes = {
					742A0F1C1A5BA69C00B6A260 = {
						CreatedOnToolsVersion = 6.1.1;
					};
					742A0F381A5BA69C00B6A260 = {
						CreatedOnToolsVersion = 6.1.1;
						TestTargetID = 742A0F1C1A5BA69C00B6A260;
					};
				};
			};
			buildConfigurationList = 742A0F181A5BA69C00B6A260 /* Build configuration list for PBXProject "TestCoreData" */;
			compatibilityVersion = "Xcode 3.2";
			developmentRegion = English;
			hasScannedForEncodings = 0;
			knownRegions = (
				en,
				Base,
			);
			mainGroup = 742A0F141A5BA69C00B6A260;
			productRefGroup = 742A0F1E1A5BA69C00B6A260 /* Products */;
			projectDirPath = "";
			projectRoot = "";
			targets = (
				742A0F1C1A5BA69C00B6A260 /* TestCoreData */,
				742A0F381A5BA69C00B6A260 /* TestCoreDataTests */,
			);
		};
/* End PBXProject section */

/* Begin PBXResourcesBuildPhase section */
		742A0F1B1A5BA69C00B6A260 /* Resources */ = {
			isa = PBXResourcesBuildPhase;
			buildActionMask = 2147483647;
			files = (
				742A0F2F1A5BA69C00B6A260 /* Main.storyboard in Resources */,
				742A0F341A5BA69C00B6A260 /* LaunchScreen.xib in Resources */,
				742A0F311A5BA69C00B6A260 /* Images.xcassets in Resources */,
			);
			runOnlyForDeploymentPostprocessing = 0;
		};
		742A0F371A5BA69C00B6A260 /* Resources */ = {
			isa = PBXResourcesBuildPhase;
			buildActionMask = 2147483647;
			files = (
			);
			runOnlyForDeploymentPostprocessing = 0;
		};
/* End PBXResourcesBuildPhase section */

/* Begin PBXSourcesBuildPhase section */
		742A0F191A5BA69C00B6A260 /* Sources */ = {
			isa = PBXSourcesBuildPhase;
			buildActionMask = 2147483647;
			files = (
				742A0F261A5BA69C00B6A260 /* AppDelegate.m in Sources */,
				742A0F291A5BA69C00B6A260 /* TestCoreData.xcdatamodeld in Sources */,
				742A0F2C1A5BA69C00B6A260 /* ViewController.m in Sources */,
				742A0F231A5BA69C00B6A260 /* main.m in Sources */,
			);
			runOnlyForDeploymentPostprocessing = 0;
		};
		742A0F351A5BA69C00B6A260 /* Sources */ = {
			isa = PBXSourcesBuildPhase;
			buildActionMask = 2147483647;
			files = (
				742A0F401A5BA69C00B6A260 /* TestCoreDataTests.m in Sources */,
			);
			runOnlyForDeploymentPostprocessing = 0;
		};
/* End PBXSourcesBuildPhase section */

/* Begin PBXTargetDependency section */
		742A0F3B1A5BA69C00B6A260 /* PBXTargetDependency */ = {
			isa = PBXTargetDependency;
			target = 742A0F1C1A5BA69C00B6A260 /* TestCoreData */;
			targetProxy = 742A0F3A1A5BA69C00B6A260 /* PBXContainerItemProxy */;
		};
/* End PBXTargetDependency section */

/* Begin PBXVariantGroup section */
		742A0F2D1A5BA69C00B6A260 /* Main.storyboard */ = {
			isa = PBXVariantGroup;
			children = (
				742A0F2E1A5BA69C00B6A260 /* Base */,
			);
			name = Main.storyboard;
			sourceTree = "<group>";
		};
		742A0F321A5BA69C00B6A260 /* LaunchScreen.xib */ = {
			isa = PBXVariantGroup;
			children = (
				742A0F331A5BA69C00B6A260 /* Base */,
			);
			name = LaunchScreen.xib;
			sourceTree = "<group>";
		};
/* End PBXVariantGroup section */

/* Begin XCBuildConfiguration section */
		742A0F411A5BA69C00B6A260 /* Debug */ = {
			isa = XCBuildConfiguration;
			buildSettings = {
				ALWAYS_SEARCH_USER_PATHS = NO;
				CLANG_CXX_LANGUAGE_STANDARD = "gnu++0x";
				CLANG_CXX_LIBRARY = "libc++";
				CLANG_ENABLE_MODULES = YES;
				CLANG_ENABLE_OBJC_ARC = YES;
				CLANG_WARN_BOOL_CONVERSION = YES;
				CLANG_WARN_CONSTANT_CONVERSION = YES;
				CLANG_WARN_DIRECT_OBJC_ISA_USAGE = YES_ERROR;
				CLANG_WARN_EMPTY_BODY = YES;
				CLANG_WARN_ENUM_CONVERSION = YES;
				CLANG_WARN_INT_CONVERSION = YES;
				CLANG_WARN_OBJC_ROOT_CLASS = YES_ERROR;
				CLANG_WARN_UNREACHABLE_CODE = YES;
				CLANG_WARN__DUPLICATE_METHOD_MATCH = YES;
				"CODE_SIGN_IDENTITY[sdk=iphoneos*]" = "iPhone Developer";
				COPY_PHASE_STRIP = NO;
				ENABLE_STRICT_OBJC_MSGSEND = YES;
				GCC_C_LANGUAGE_STANDARD = gnu99;
				GCC_DYNAMIC_NO_PIC = NO;
				GCC_OPTIMIZATION_LEVEL = 0;
				GCC_PREPROCESSOR_DEFINITIONS = (
					"DEBUG=1",
					"$(inherited)",
				);
				GCC_SYMBOLS_PRIVATE_EXTERN = NO;
				GCC_WARN_64_TO_32_BIT_CONVERSION = YES;
				GCC_WARN_ABOUT_RETURN_TYPE = YES_ERROR;
				GCC_WARN_UNDECLARED_SELECTOR = YES;
				GCC_WARN_UNINITIALIZED_AUTOS = YES_AGGRESSIVE;
				GCC_WARN_UNUSED_FUNCTION = YES;
				GCC_WARN_UNUSED_VARIABLE = YES;
				IPHONEOS_DEPLOYMENT_TARGET = 8.1;
				MTL_ENABLE_DEBUG_INFO = YES;
				ONLY_ACTIVE_ARCH = YES;
				SDKROOT = iphoneos;
				TARGETED_DEVICE_FAMILY = "1,2";
			};
			name = Debug;
		};
		742A0F421A5BA69C00B6A260 /* Release */ = {
			isa = XCBuildConfiguration;
			buildSettings = {
				ALWAYS_SEARCH_USER_PATHS = NO;
				CLANG_CXX_LANGUAGE_STANDARD = "gnu++0x";
				CLANG_CXX_LIBRARY = "libc++";
				CLANG_ENABLE_MODULES = YES;
				CLANG_ENABLE_OBJC_ARC = YES;
				CLANG_WARN_BOOL_CONVERSION = YES;
				CLANG_WARN_CONSTANT_CONVERSION = YES;
				CLANG_WARN_DIRECT_OBJC_ISA_USAGE = YES_ERROR;
				CLANG_WARN_EMPTY_BODY = YES;
				CLANG_WARN_ENUM_CONVERSION = YES;
				CLANG_WARN_INT_CONVERSION = YES;
				CLANG_WARN_OBJC_ROOT_CLASS = YES_ERROR;
				CLANG_WARN_UNREACHABLE_CODE = YES;
				CLANG_WARN__DUPLICATE_METHOD_MATCH = YES;
				"CODE_SIGN_IDENTITY[sdk=iphoneos*]" = "iPhone Developer";
				COPY_PHASE_STRIP = YES;
				ENABLE_NS_ASSERTIONS = NO;
				ENABLE_STRICT_OBJC_MSGSEND = YES;
				GCC_C_LANGUAGE_STANDARD = gnu99;
				GCC_WARN_64_TO_32_BIT_CONVERSION = YES;
				GCC_WARN_ABOUT_RETURN_TYPE = YES_ERROR;
				GCC_WARN_UNDECLARED_SELECTOR = YES;
				GCC_WARN_UNINITIALIZED_AUTOS = YES_AGGRESSIVE;
				GCC_WARN_UNUSED_FUNCTION = YES;
				GCC_WARN_UNUSED_VARIABLE = YES;
				IPHONEOS_DEPLOYMENT_TARGET = 8.1;
				MTL_ENABLE_DEBUG_INFO = NO;
				SDKROOT = iphoneos;
				TARGETED_DEVICE_FAMILY = "1,2";
				VALIDATE_PRODUCT = YES;
			};
			name = Release;
		};
		742A0F441A5BA69C00B6A260 /* Debug */ = {
			isa = XCBuildConfiguration;
			buildSettings = {
				ASSETCATALOG_COMPILER_APPICON_NAME = AppIcon;
				INFOPLIST_FILE = TestCoreData/Info.plist;
				LD_RUNPATH_SEARCH_PATHS = "$(inherited) @executable_path/Frameworks";
				PRODUCT_NAME = "$(TARGET_NAME)";
			};
			name = Debug;
		};
		742A0F451A5BA69C00B6A260 /* Release */ = {
			isa = XCBuildConfiguration;
			buildSettings = {
				ASSETCATALOG_COMPILER_APPICON_NAME = AppIcon;
				INFOPLIST_FILE = TestCoreData/Info.plist;
				LD_RUNPATH_SEARCH_PATHS = "$(inherited) @executable_path/Frameworks";
				PRODUCT_NAME = "$(TARGET_NAME)";
			};
			name = Release;
		};
		742A0F471A5BA69C00B6A260 /* Debug */ = {
			isa = XCBuildConfiguration;
			buildSettings = {
				BUNDLE_LOADER = "$(TEST_HOST)";
				FRAMEWORK_SEARCH_PATHS = (
					"$(SDKROOT)/Developer/Library/Frameworks",
					"$(inherited)",
				);
				GCC_PREPROCESSOR_DEFINITIONS = (
					"DEBUG=1",
					"$(inherited)",
				);
				INFOPLIST_FILE = TestCoreDataTests/Info.plist;
				LD_RUNPATH_SEARCH_PATHS = "$(inherited) @executable_path/Frameworks @loader_path/Frameworks";
				PRODUCT_NAME = "$(TARGET_NAME)";
				TEST_HOST = "$(BUILT_PRODUCTS_DIR)/TestCoreData.app/TestCoreData";
			};
			name = Debug;
		};
		742A0F481A5BA69C00B6A260 /* Release */ = {
			isa = XCBuildConfiguration;
			buildSettings = {
				BUNDLE_LOADER = "$(TEST_HOST)";
				FRAMEWORK_SEARCH_PATHS = (
					"$(SDKROOT)/Developer/Library/Frameworks",
					"$(inherited)",
				);
				INFOPLIST_FILE = TestCoreDataTests/Info.plist;
				LD_RUNPATH_SEARCH_PATHS = "$(inherited) @executable_path/Frameworks @loader_path/Frameworks";
				PRODUCT_NAME = "$(TARGET_NAME)";
				TEST_HOST = "$(BUILT_PRODUCTS_DIR)/TestCoreData.app/TestCoreData";
			};
			name = Release;
		};
/* End XCBuildConfiguration section */

/* Begin XCConfigurationList section */
		742A0F181A5BA69C00B6A260 /* Build configuration list for PBXProject "TestCoreData" */ = {
			isa = XCConfigurationList;
			buildConfigurations = (
				742A0F411A5BA69C00B6A260 /* Debug */,
				742A0F421A5BA69C00B6A260 /* Release */,
			);
			defaultConfigurationIsVisible = 0;
			defaultConfigurationName = Release;
		};
		742A0F431A5BA69C00B6A260 /* Build configuration list for PBXNativeTarget "TestCoreData" */ = {
			isa = XCConfigurationList;
			buildConfigurations = (
				742A0F441A5BA69C00B6A260 /* Debug */,
				742A0F451A5BA69C00B6A260 /* Release */,
			);
			defaultConfigurationIsVisible = 0;
		};
		742A0F461A5BA69C00B6A260 /* Build configuration list for PBXNativeTarget "TestCoreDataTests" */ = {
			isa = XCConfigurationList;
			buildConfigurations = (
				742A0F471A5BA69C00B6A260 /* Debug */,
				742A0F481A5BA69C00B6A260 /* Release */,
			);
			defaultConfigurationIsVisible = 0;
		};
/* End XCConfigurationList section */

/* Begin XCVersionGroup section */
		742A0F271A5BA69C00B6A260 /* TestCoreData.xcdatamodeld */ = {
			isa = XCVersionGroup;
			children = (
				742A0F281A5BA69C00B6A260 /* TestCoreData.xcdatamodel */,
			);
			currentVersion = 742A0F281A5BA69C00B6A260 /* TestCoreData.xcdatamodel */;
			path = TestCoreData.xcdatamodeld;
			sourceTree = "<group>";
			versionGroupType = wrapper.xcdatamodel;
		};
/* End XCVersionGroup section */
	};
	rootObject = 742A0F151A5BA69C00B6A260 /* Project object */;
}
